
Microsoft Visual Studio Solution File, Format Version 12.00
Project("{FAE04EC0-301F-11D3-BF4B-00C04F79EFBC}") = "V1.0", "V1.0\V1.0.csproj", "{ED22B58C-9482-46C3-9A79-8C424FACAE9F}"
EndProject
Project("{FAE04EC0-301F-11D3-BF4B-00C04F79EFBC}") = "V1.1", "V1.1\V1.1.csproj", "{9F6646D2-3109-48F9-8565-E3C22A60F38F}"
EndProject
Global
	GlobalSection(SolutionConfigurationPlatforms) = preSolution
		Debug|Any CPU = Debug|Any CPU
		Release|Any CPU = Release|Any CPU
	EndGlobalSection
	GlobalSection(ProjectConfigurationPlatforms) = postSolution
		{ED22B58C-9482-46C3-9A79-8C424FACAE9F}.Debug|Any CPU.ActiveCfg = Debug|Any CPU
		{ED22B58C-9482-46C3-9A79-8C424FACAE9F}.Debug|Any CPU.Build.0 = Debug|Any CPU
		{ED22B58C-9482-46C3-9A79-8C424FACAE9F}.Release|Any CPU.ActiveCfg = Release|Any CPU
		{ED22B58C-9482-46C3-9A79-8C424FACAE9F}.Release|Any CPU.Build.0 = Release|Any CPU
		{9F6646D2-3109-48F9-8565-E3C22A60F38F}.Debug|Any CPU.ActiveCfg = Debug|Any CPU
		{9F6646D2-3109-48F9-8565-E3C22A60F38F}.Debug|Any CPU.Build.0 = Debug|Any CPU
		{9F6646D2-3109-48F9-8565-E3C22A60F38F}.Release|Any CPU.ActiveCfg = Release|Any CPU
		{9F6646D2-3109-48F9-8565-E3C22A60F38F}.Release|Any CPU.Build.0 = Release|Any CPU
	EndGlobalSection
	GlobalSection(NestedProjects) = preSolution
	EndGlobalSection
EndGlobal
