
Microsoft Visual Studio Solution File, Format Version 12.00
Project("{FAE04EC0-301F-11D3-BF4B-00C04F79EFBC}") = "V1.0", "V1.0\V1.0.csproj", "{ED22B58C-9482-46C3-9A79-8C424FACAE9F}"
EndProject
Project("{FAE04EC0-301F-11D3-BF4B-00C04F79EFBC}") = "V1.1", "V1.1\V1.1.csproj", "{9F6646D2-3109-48F9-8565-E3C22A60F38F}"
EndProject
Project("{FAE04EC0-301F-11D3-BF4B-00C04F79EFBC}") = "V2.0", "V2.0\V2.0.csproj", "{10B92F02-4801-45EE-BD85-C4477A823258}"
EndProject
Project("{FAE04EC0-301F-11D3-BF4B-00C04F79EFBC}") = "V2.1", "V2.1\V2.1.csproj", "{72E458C0-953D-445E-9BF1-FD1962F2A361}"
EndProject
Project("{FAE04EC0-301F-11D3-BF4B-00C04F79EFBC}") = "V3.1", "V3.1\V3.1.csproj", "{3C76C6FF-A853-4400-9C06-67C2A83D9787}"
EndProject
Project("{FAE04EC0-301F-11D3-BF4B-00C04F79EFBC}") = "V3.0", "V3.0\V3.0.csproj", "{C992C408-35E9-4C34-8C83-612AA20D80CF}"
EndProject
Project("{FAE04EC0-301F-11D3-BF4B-00C04F79EFBC}") = "V3.2", "V3.2\V3.2.csproj", "{F26DF7F9-3F8C-4BED-8FE5-ADF37589FA0F}"
EndProject
Project("{FAE04EC0-301F-11D3-BF4B-00C04F79EFBC}") = "V4.0", "V4.0\V4.0.csproj", "{8F50F64A-533C-47AD-9F80-DEF617EA32FE}"
EndProject
Global
	GlobalSection(SolutionConfigurationPlatforms) = preSolution
		Debug|Any CPU = Debug|Any CPU
		Release|Any CPU = Release|Any CPU
	EndGlobalSection
	GlobalSection(ProjectConfigurationPlatforms) = postSolution
		{ED22B58C-9482-46C3-9A79-8C424FACAE9F}.Debug|Any CPU.ActiveCfg = Debug|Any CPU
		{ED22B58C-9482-46C3-9A79-8C424FACAE9F}.Debug|Any CPU.Build.0 = Debug|Any CPU
		{ED22B58C-9482-46C3-9A79-8C424FACAE9F}.Release|Any CPU.ActiveCfg = Release|Any CPU
		{ED22B58C-9482-46C3-9A79-8C424FACAE9F}.Release|Any CPU.Build.0 = Release|Any CPU
		{9F6646D2-3109-48F9-8565-E3C22A60F38F}.Debug|Any CPU.ActiveCfg = Debug|Any CPU
		{9F6646D2-3109-48F9-8565-E3C22A60F38F}.Debug|Any CPU.Build.0 = Debug|Any CPU
		{9F6646D2-3109-48F9-8565-E3C22A60F38F}.Release|Any CPU.ActiveCfg = Release|Any CPU
		{9F6646D2-3109-48F9-8565-E3C22A60F38F}.Release|Any CPU.Build.0 = Release|Any CPU
		{10B92F02-4801-45EE-BD85-C4477A823258}.Debug|Any CPU.ActiveCfg = Debug|Any CPU
		{10B92F02-4801-45EE-BD85-C4477A823258}.Debug|Any CPU.Build.0 = Debug|Any CPU
		{10B92F02-4801-45EE-BD85-C4477A823258}.Release|Any CPU.ActiveCfg = Release|Any CPU
		{10B92F02-4801-45EE-BD85-C4477A823258}.Release|Any CPU.Build.0 = Release|Any CPU
		{72E458C0-953D-445E-9BF1-FD1962F2A361}.Debug|Any CPU.ActiveCfg = Debug|Any CPU
		{72E458C0-953D-445E-9BF1-FD1962F2A361}.Debug|Any CPU.Build.0 = Debug|Any CPU
		{72E458C0-953D-445E-9BF1-FD1962F2A361}.Release|Any CPU.ActiveCfg = Release|Any CPU
		{72E458C0-953D-445E-9BF1-FD1962F2A361}.Release|Any CPU.Build.0 = Release|Any CPU
		{3C76C6FF-A853-4400-9C06-67C2A83D9787}.Debug|Any CPU.ActiveCfg = Debug|Any CPU
		{3C76C6FF-A853-4400-9C06-67C2A83D9787}.Debug|Any CPU.Build.0 = Debug|Any CPU
		{3C76C6FF-A853-4400-9C06-67C2A83D9787}.Release|Any CPU.ActiveCfg = Release|Any CPU
		{3C76C6FF-A853-4400-9C06-67C2A83D9787}.Release|Any CPU.Build.0 = Release|Any CPU
		{C992C408-35E9-4C34-8C83-612AA20D80CF}.Debug|Any CPU.ActiveCfg = Debug|Any CPU
		{C992C408-35E9-4C34-8C83-612AA20D80CF}.Debug|Any CPU.Build.0 = Debug|Any CPU
		{C992C408-35E9-4C34-8C83-612AA20D80CF}.Release|Any CPU.ActiveCfg = Release|Any CPU
		{C992C408-35E9-4C34-8C83-612AA20D80CF}.Release|Any CPU.Build.0 = Release|Any CPU
		{F26DF7F9-3F8C-4BED-8FE5-ADF37589FA0F}.Debug|Any CPU.ActiveCfg = Debug|Any CPU
		{F26DF7F9-3F8C-4BED-8FE5-ADF37589FA0F}.Debug|Any CPU.Build.0 = Debug|Any CPU
		{F26DF7F9-3F8C-4BED-8FE5-ADF37589FA0F}.Release|Any CPU.ActiveCfg = Release|Any CPU
		{F26DF7F9-3F8C-4BED-8FE5-ADF37589FA0F}.Release|Any CPU.Build.0 = Release|Any CPU
		{8F50F64A-533C-47AD-9F80-DEF617EA32FE}.Debug|Any CPU.ActiveCfg = Debug|Any CPU
		{8F50F64A-533C-47AD-9F80-DEF617EA32FE}.Debug|Any CPU.Build.0 = Debug|Any CPU
		{8F50F64A-533C-47AD-9F80-DEF617EA32FE}.Release|Any CPU.ActiveCfg = Release|Any CPU
		{8F50F64A-533C-47AD-9F80-DEF617EA32FE}.Release|Any CPU.Build.0 = Release|Any CPU
	EndGlobalSection
	GlobalSection(NestedProjects) = preSolution
	EndGlobalSection
EndGlobal
